
Microsoft Visual Studio Solution File, Format Version 12.00
# Visual Studio Version 17
VisualStudioVersion = 17.13.35828.75 d17.13
MinimumVisualStudioVersion = 10.0.40219.1
Project("{FAE04EC0-301F-11D3-BF4B-00C04F79EFBC}") = "Projekt", "Projekt\Projekt.csproj", "{89CCE1AE-EDD2-44AA-A9FA-BED31E713515}"
EndProject
Global
	GlobalSection(SolutionConfigurationPlatforms) = preSolution
		Debug|Any CPU = Debug|Any CPU
		Release|Any CPU = Release|Any CPU
	EndGlobalSection
	GlobalSection(ProjectConfigurationPlatforms) = postSolution
		{89CCE1AE-EDD2-44AA-A9FA-BED31E713515}.Debug|Any CPU.ActiveCfg = Debug|Any CPU
		{89CCE1AE-EDD2-44AA-A9FA-BED31E713515}.Debug|Any CPU.Build.0 = Debug|Any CPU
		{89CCE1AE-EDD2-44AA-A9FA-BED31E713515}.Release|Any CPU.ActiveCfg = Release|Any CPU
		{89CCE1AE-EDD2-44AA-A9FA-BED31E713515}.Release|Any CPU.Build.0 = Release|Any CPU
	EndGlobalSection
	GlobalSection(SolutionProperties) = preSolution
		HideSolutionNode = FALSE
	EndGlobalSection
	GlobalSection(ExtensibilityGlobals) = postSolution
		SolutionGuid = {F930DE7F-ECC7-4282-831E-54548AEF3839}
	EndGlobalSection
EndGlobal
